
Microsoft Visual Studio Solution File, Format Version 12.00
# Visual Studio 15
VisualStudioVersion = 15.0.28307.705
MinimumVisualStudioVersion = 10.0.40219.1
Project("{FAE04EC0-301F-11D3-BF4B-00C04F79EFBC}") = "WpfApp", "WpfApp\WpfApp.csproj", "{5B0DA671-818A-4BFB-93EE-80AD13DA807A}"
EndProject
Global
	GlobalSection(SolutionConfigurationPlatforms) = preSolution
		Debug|Any CPU = Debug|Any CPU
		Release|Any CPU = Release|Any CPU
	EndGlobalSection
	GlobalSection(ProjectConfigurationPlatforms) = postSolution
		{5B0DA671-818A-4BFB-93EE-80AD13DA807A}.Debug|Any CPU.ActiveCfg = Debug|Any CPU
		{5B0DA671-818A-4BFB-93EE-80AD13DA807A}.Debug|Any CPU.Build.0 = Debug|Any CPU
		{5B0DA671-818A-4BFB-93EE-80AD13DA807A}.Release|Any CPU.ActiveCfg = Release|Any CPU
		{5B0DA671-818A-4BFB-93EE-80AD13DA807A}.Release|Any CPU.Build.0 = Release|Any CPU
	EndGlobalSection
	GlobalSection(SolutionProperties) = preSolution
		HideSolutionNode = FALSE
	EndGlobalSection
	GlobalSection(ExtensibilityGlobals) = postSolution
		SolutionGuid = {AEDBF1BB-B004-429C-BA08-37B1FA3C4FFC}
	EndGlobalSection
EndGlobal
